
Microsoft Visual Studio Solution File, Format Version 12.00
# Visual Studio Version 17
VisualStudioVersion = 17.13.35913.81 d17.13
MinimumVisualStudioVersion = 10.0.40219.1
Project("{FAE04EC0-301F-11D3-BF4B-00C04F79EFBC}") = "MIERCOLES30ABRIL25", "MIERCOLES30ABRIL25\MIERCOLES30ABRIL25.csproj", "{66A7FCBE-EBBE-4BF3-A95D-219073A362DC}"
EndProject
Global
	GlobalSection(SolutionConfigurationPlatforms) = preSolution
		Debug|Any CPU = Debug|Any CPU
		Release|Any CPU = Release|Any CPU
	EndGlobalSection
	GlobalSection(ProjectConfigurationPlatforms) = postSolution
		{66A7FCBE-EBBE-4BF3-A95D-219073A362DC}.Debug|Any CPU.ActiveCfg = Debug|Any CPU
		{66A7FCBE-EBBE-4BF3-A95D-219073A362DC}.Debug|Any CPU.Build.0 = Debug|Any CPU
		{66A7FCBE-EBBE-4BF3-A95D-219073A362DC}.Release|Any CPU.ActiveCfg = Release|Any CPU
		{66A7FCBE-EBBE-4BF3-A95D-219073A362DC}.Release|Any CPU.Build.0 = Release|Any CPU
	EndGlobalSection
	GlobalSection(SolutionProperties) = preSolution
		HideSolutionNode = FALSE
	EndGlobalSection
	GlobalSection(ExtensibilityGlobals) = postSolution
		SolutionGuid = {6C725CB4-ECE7-4E9C-8065-EE710933D0D0}
	EndGlobalSection
EndGlobal
